
Microsoft Visual Studio Solution File, Format Version 12.00
# Visual Studio 15
VisualStudioVersion = 15.0.27004.2002
MinimumVisualStudioVersion = 10.0.40219.1
Project("{FAE04EC0-301F-11D3-BF4B-00C04F79EFBC}") = "dotSpace", "dotSpace\dotSpace.csproj", "{EA07D9C8-E59A-4C8F-BD98-1EC1EECD3351}"
EndProject
Project("{2150E333-8FDC-42A3-9474-1A3956D46DE8}") = "Solution Items", "Solution Items", "{738DD24E-1893-45A2-94FD-DFF65C149BEC}"
	ProjectSection(SolutionItems) = preProject
		README.md = README.md
	EndProjectSection
EndProject
Project("{2150E333-8FDC-42A3-9474-1A3956D46DE8}") = "examples", "examples", "{0195AD88-4FB1-4F8E-B6E9-F310B0EF42FC}"
EndProject
Project("{FAE04EC0-301F-11D3-BF4B-00C04F79EFBC}") = "Example1", "examples\Example1\Example1.csproj", "{20EF4585-3F74-49FE-A13B-E2704E8F8A2A}"
EndProject
Project("{FAE04EC0-301F-11D3-BF4B-00C04F79EFBC}") = "Example2", "examples\Example2\Example2.csproj", "{2E3F71F9-0249-4AEB-8674-FDBDDC962A94}"
EndProject
Project("{FAE04EC0-301F-11D3-BF4B-00C04F79EFBC}") = "Example3", "examples\Example3\Example3.csproj", "{FB046338-7A92-4219-9D0E-A2315221C8B6}"
EndProject
Project("{FAE04EC0-301F-11D3-BF4B-00C04F79EFBC}") = "Example4", "examples\Example4\Example4.csproj", "{87AD6422-745B-4BDE-AA74-0E2481427023}"
EndProject
Project("{FAE04EC0-301F-11D3-BF4B-00C04F79EFBC}") = "Example5", "examples\Example5\Example5.csproj", "{CB8A54C0-62E5-4D6E-B1F6-EE5FB09E5C58}"
EndProject
Project("{FAE04EC0-301F-11D3-BF4B-00C04F79EFBC}") = "Example6", "examples\Example6\Example6.csproj", "{2AF50B5A-87BE-4304-88E6-CC8DAB169BD8}"
EndProject
Project("{FAE04EC0-301F-11D3-BF4B-00C04F79EFBC}") = "Example7", "examples\Example7\Example7.csproj", "{A22363CC-8B82-4179-97B0-FE18B290DB2D}"
EndProject
Project("{FAE04EC0-301F-11D3-BF4B-00C04F79EFBC}") = "ClickRate", "examples\ClickRate\ClickRate.csproj", "{E25A7CED-4476-488A-9B71-4C09FA48E7E7}"
EndProject
Project("{FAE04EC0-301F-11D3-BF4B-00C04F79EFBC}") = "ReadFileTest", "examples\ReadFileTest\ReadFileTest.csproj", "{ECB1EBC3-7BAD-4187-8D11-1826695F8988}"
EndProject
Project("{2150E333-8FDC-42A3-9474-1A3956D46DE8}") = "lib", "lib", "{707313C5-0095-4617-B002-D207E92FB91F}"
EndProject
Project("{FAE04EC0-301F-11D3-BF4B-00C04F79EFBC}") = "TreeSpace", "lib\TreeSpace\TreeSpace.csproj", "{84DFC3EE-441D-4B5F-BC51-325479F93FC5}"
EndProject
Global
	GlobalSection(SolutionConfigurationPlatforms) = preSolution
		Debug|Any CPU = Debug|Any CPU
		Release|Any CPU = Release|Any CPU
		Debug|x64 = Debug|x64
		Debug|x86 = Debug|x86
		Release|x64 = Release|x64
		Release|x86 = Release|x86
	EndGlobalSection
	GlobalSection(ProjectConfigurationPlatforms) = postSolution
		{EA07D9C8-E59A-4C8F-BD98-1EC1EECD3351}.Debug|Any CPU.ActiveCfg = Debug|Any CPU
		{EA07D9C8-E59A-4C8F-BD98-1EC1EECD3351}.Debug|Any CPU.Build.0 = Debug|Any CPU
		{EA07D9C8-E59A-4C8F-BD98-1EC1EECD3351}.Release|Any CPU.ActiveCfg = Release|Any CPU
		{EA07D9C8-E59A-4C8F-BD98-1EC1EECD3351}.Release|Any CPU.Build.0 = Release|Any CPU
		{20EF4585-3F74-49FE-A13B-E2704E8F8A2A}.Debug|Any CPU.ActiveCfg = Debug|Any CPU
		{20EF4585-3F74-49FE-A13B-E2704E8F8A2A}.Debug|Any CPU.Build.0 = Debug|Any CPU
		{20EF4585-3F74-49FE-A13B-E2704E8F8A2A}.Debug|x64.ActiveCfg = Debug|x64
		{20EF4585-3F74-49FE-A13B-E2704E8F8A2A}.Debug|x64.Build.0 = Debug|x64
		{20EF4585-3F74-49FE-A13B-E2704E8F8A2A}.Debug|x86.ActiveCfg = Debug|x86
		{20EF4585-3F74-49FE-A13B-E2704E8F8A2A}.Debug|x86.Build.0 = Debug|x86
		{20EF4585-3F74-49FE-A13B-E2704E8F8A2A}.Release|Any CPU.ActiveCfg = Release|Any CPU
		{20EF4585-3F74-49FE-A13B-E2704E8F8A2A}.Release|Any CPU.Build.0 = Release|Any CPU
		{20EF4585-3F74-49FE-A13B-E2704E8F8A2A}.Release|x64.ActiveCfg = Release|x64
		{20EF4585-3F74-49FE-A13B-E2704E8F8A2A}.Release|x64.Build.0 = Release|x64
		{20EF4585-3F74-49FE-A13B-E2704E8F8A2A}.Release|x86.ActiveCfg = Release|x86
		{20EF4585-3F74-49FE-A13B-E2704E8F8A2A}.Release|x86.Build.0 = Release|x86
		{2E3F71F9-0249-4AEB-8674-FDBDDC962A94}.Debug|Any CPU.ActiveCfg = Debug|Any CPU
		{2E3F71F9-0249-4AEB-8674-FDBDDC962A94}.Debug|Any CPU.Build.0 = Debug|Any CPU
		{2E3F71F9-0249-4AEB-8674-FDBDDC962A94}.Debug|x64.ActiveCfg = Debug|x64
		{2E3F71F9-0249-4AEB-8674-FDBDDC962A94}.Debug|x64.Build.0 = Debug|x64
		{2E3F71F9-0249-4AEB-8674-FDBDDC962A94}.Debug|x86.ActiveCfg = Debug|x86
		{2E3F71F9-0249-4AEB-8674-FDBDDC962A94}.Debug|x86.Build.0 = Debug|x86
		{2E3F71F9-0249-4AEB-8674-FDBDDC962A94}.Release|Any CPU.ActiveCfg = Release|Any CPU
		{2E3F71F9-0249-4AEB-8674-FDBDDC962A94}.Release|Any CPU.Build.0 = Release|Any CPU
		{2E3F71F9-0249-4AEB-8674-FDBDDC962A94}.Release|x64.ActiveCfg = Release|x64
		{2E3F71F9-0249-4AEB-8674-FDBDDC962A94}.Release|x64.Build.0 = Release|x64
		{2E3F71F9-0249-4AEB-8674-FDBDDC962A94}.Release|x86.ActiveCfg = Release|x86
		{2E3F71F9-0249-4AEB-8674-FDBDDC962A94}.Release|x86.Build.0 = Release|x86
		{FB046338-7A92-4219-9D0E-A2315221C8B6}.Debug|Any CPU.ActiveCfg = Debug|Any CPU
		{FB046338-7A92-4219-9D0E-A2315221C8B6}.Debug|Any CPU.Build.0 = Debug|Any CPU
		{FB046338-7A92-4219-9D0E-A2315221C8B6}.Debug|x64.ActiveCfg = Debug|x64
		{FB046338-7A92-4219-9D0E-A2315221C8B6}.Debug|x64.Build.0 = Debug|x64
		{FB046338-7A92-4219-9D0E-A2315221C8B6}.Debug|x86.ActiveCfg = Debug|x86
		{FB046338-7A92-4219-9D0E-A2315221C8B6}.Debug|x86.Build.0 = Debug|x86
		{FB046338-7A92-4219-9D0E-A2315221C8B6}.Release|Any CPU.ActiveCfg = Release|Any CPU
		{FB046338-7A92-4219-9D0E-A2315221C8B6}.Release|Any CPU.Build.0 = Release|Any CPU
		{FB046338-7A92-4219-9D0E-A2315221C8B6}.Release|x64.ActiveCfg = Release|x64
		{FB046338-7A92-4219-9D0E-A2315221C8B6}.Release|x64.Build.0 = Release|x64
		{FB046338-7A92-4219-9D0E-A2315221C8B6}.Release|x86.ActiveCfg = Release|x86
		{FB046338-7A92-4219-9D0E-A2315221C8B6}.Release|x86.Build.0 = Release|x86
		{87AD6422-745B-4BDE-AA74-0E2481427023}.Debug|Any CPU.ActiveCfg = Debug|Any CPU
		{87AD6422-745B-4BDE-AA74-0E2481427023}.Debug|Any CPU.Build.0 = Debug|Any CPU
		{87AD6422-745B-4BDE-AA74-0E2481427023}.Debug|x64.ActiveCfg = Debug|x64
		{87AD6422-745B-4BDE-AA74-0E2481427023}.Debug|x64.Build.0 = Debug|x64
		{87AD6422-745B-4BDE-AA74-0E2481427023}.Debug|x86.ActiveCfg = Debug|x86
		{87AD6422-745B-4BDE-AA74-0E2481427023}.Debug|x86.Build.0 = Debug|x86
		{87AD6422-745B-4BDE-AA74-0E2481427023}.Release|Any CPU.ActiveCfg = Release|Any CPU
		{87AD6422-745B-4BDE-AA74-0E2481427023}.Release|Any CPU.Build.0 = Release|Any CPU
		{87AD6422-745B-4BDE-AA74-0E2481427023}.Release|x64.ActiveCfg = Release|x64
		{87AD6422-745B-4BDE-AA74-0E2481427023}.Release|x64.Build.0 = Release|x64
		{87AD6422-745B-4BDE-AA74-0E2481427023}.Release|x86.ActiveCfg = Release|x86
		{87AD6422-745B-4BDE-AA74-0E2481427023}.Release|x86.Build.0 = Release|x86
		{CB8A54C0-62E5-4D6E-B1F6-EE5FB09E5C58}.Debug|Any CPU.ActiveCfg = Debug|Any CPU
		{CB8A54C0-62E5-4D6E-B1F6-EE5FB09E5C58}.Debug|Any CPU.Build.0 = Debug|Any CPU
		{CB8A54C0-62E5-4D6E-B1F6-EE5FB09E5C58}.Debug|x64.ActiveCfg = Debug|x64
		{CB8A54C0-62E5-4D6E-B1F6-EE5FB09E5C58}.Debug|x64.Build.0 = Debug|x64
		{CB8A54C0-62E5-4D6E-B1F6-EE5FB09E5C58}.Debug|x86.ActiveCfg = Debug|x86
		{CB8A54C0-62E5-4D6E-B1F6-EE5FB09E5C58}.Debug|x86.Build.0 = Debug|x86
		{CB8A54C0-62E5-4D6E-B1F6-EE5FB09E5C58}.Release|Any CPU.ActiveCfg = Release|Any CPU
		{CB8A54C0-62E5-4D6E-B1F6-EE5FB09E5C58}.Release|Any CPU.Build.0 = Release|Any CPU
		{CB8A54C0-62E5-4D6E-B1F6-EE5FB09E5C58}.Release|x64.ActiveCfg = Release|x64
		{CB8A54C0-62E5-4D6E-B1F6-EE5FB09E5C58}.Release|x64.Build.0 = Release|x64
		{CB8A54C0-62E5-4D6E-B1F6-EE5FB09E5C58}.Release|x86.ActiveCfg = Release|x86
		{CB8A54C0-62E5-4D6E-B1F6-EE5FB09E5C58}.Release|x86.Build.0 = Release|x86
		{2AF50B5A-87BE-4304-88E6-CC8DAB169BD8}.Debug|Any CPU.ActiveCfg = Debug|Any CPU
		{2AF50B5A-87BE-4304-88E6-CC8DAB169BD8}.Debug|Any CPU.Build.0 = Debug|Any CPU
		{2AF50B5A-87BE-4304-88E6-CC8DAB169BD8}.Debug|x64.ActiveCfg = Debug|x64
		{2AF50B5A-87BE-4304-88E6-CC8DAB169BD8}.Debug|x64.Build.0 = Debug|x64
		{2AF50B5A-87BE-4304-88E6-CC8DAB169BD8}.Debug|x86.ActiveCfg = Debug|x86
		{2AF50B5A-87BE-4304-88E6-CC8DAB169BD8}.Debug|x86.Build.0 = Debug|x86
		{2AF50B5A-87BE-4304-88E6-CC8DAB169BD8}.Release|Any CPU.ActiveCfg = Release|Any CPU
		{2AF50B5A-87BE-4304-88E6-CC8DAB169BD8}.Release|Any CPU.Build.0 = Release|Any CPU
		{2AF50B5A-87BE-4304-88E6-CC8DAB169BD8}.Release|x64.ActiveCfg = Release|x64
		{2AF50B5A-87BE-4304-88E6-CC8DAB169BD8}.Release|x64.Build.0 = Release|x64
		{2AF50B5A-87BE-4304-88E6-CC8DAB169BD8}.Release|x86.ActiveCfg = Release|x86
		{2AF50B5A-87BE-4304-88E6-CC8DAB169BD8}.Release|x86.Build.0 = Release|x86
		{A22363CC-8B82-4179-97B0-FE18B290DB2D}.Debug|Any CPU.ActiveCfg = Debug|Any CPU
		{A22363CC-8B82-4179-97B0-FE18B290DB2D}.Debug|Any CPU.Build.0 = Debug|Any CPU
		{A22363CC-8B82-4179-97B0-FE18B290DB2D}.Debug|x64.ActiveCfg = Debug|x64
		{A22363CC-8B82-4179-97B0-FE18B290DB2D}.Debug|x64.Build.0 = Debug|x64
		{A22363CC-8B82-4179-97B0-FE18B290DB2D}.Debug|x86.ActiveCfg = Debug|x86
		{A22363CC-8B82-4179-97B0-FE18B290DB2D}.Debug|x86.Build.0 = Debug|x86
		{A22363CC-8B82-4179-97B0-FE18B290DB2D}.Release|Any CPU.ActiveCfg = Release|Any CPU
		{A22363CC-8B82-4179-97B0-FE18B290DB2D}.Release|Any CPU.Build.0 = Release|Any CPU
		{A22363CC-8B82-4179-97B0-FE18B290DB2D}.Release|x64.ActiveCfg = Release|x64
		{A22363CC-8B82-4179-97B0-FE18B290DB2D}.Release|x64.Build.0 = Release|x64
		{A22363CC-8B82-4179-97B0-FE18B290DB2D}.Release|x86.ActiveCfg = Release|x86
		{A22363CC-8B82-4179-97B0-FE18B290DB2D}.Release|x86.Build.0 = Release|x86
		{E25A7CED-4476-488A-9B71-4C09FA48E7E7}.Debug|Any CPU.ActiveCfg = Debug|Any CPU
		{E25A7CED-4476-488A-9B71-4C09FA48E7E7}.Debug|Any CPU.Build.0 = Debug|Any CPU
		{E25A7CED-4476-488A-9B71-4C09FA48E7E7}.Debug|x64.ActiveCfg = Debug|x64
		{E25A7CED-4476-488A-9B71-4C09FA48E7E7}.Debug|x64.Build.0 = Debug|x64
		{E25A7CED-4476-488A-9B71-4C09FA48E7E7}.Debug|x86.ActiveCfg = Debug|x86
		{E25A7CED-4476-488A-9B71-4C09FA48E7E7}.Debug|x86.Build.0 = Debug|x86
		{E25A7CED-4476-488A-9B71-4C09FA48E7E7}.Release|Any CPU.ActiveCfg = Release|Any CPU
		{E25A7CED-4476-488A-9B71-4C09FA48E7E7}.Release|Any CPU.Build.0 = Release|Any CPU
		{E25A7CED-4476-488A-9B71-4C09FA48E7E7}.Release|x64.ActiveCfg = Release|x64
		{E25A7CED-4476-488A-9B71-4C09FA48E7E7}.Release|x64.Build.0 = Release|x64
		{E25A7CED-4476-488A-9B71-4C09FA48E7E7}.Release|x86.ActiveCfg = Release|x86
		{E25A7CED-4476-488A-9B71-4C09FA48E7E7}.Release|x86.Build.0 = Release|x86
		{ECB1EBC3-7BAD-4187-8D11-1826695F8988}.Debug|Any CPU.ActiveCfg = Debug|Any CPU
		{ECB1EBC3-7BAD-4187-8D11-1826695F8988}.Debug|Any CPU.Build.0 = Debug|Any CPU
		{ECB1EBC3-7BAD-4187-8D11-1826695F8988}.Debug|x64.ActiveCfg = Debug|x64
		{ECB1EBC3-7BAD-4187-8D11-1826695F8988}.Debug|x64.Build.0 = Debug|x64
		{ECB1EBC3-7BAD-4187-8D11-1826695F8988}.Debug|x86.ActiveCfg = Debug|x86
		{ECB1EBC3-7BAD-4187-8D11-1826695F8988}.Debug|x86.Build.0 = Debug|x86
		{ECB1EBC3-7BAD-4187-8D11-1826695F8988}.Release|Any CPU.ActiveCfg = Release|Any CPU
		{ECB1EBC3-7BAD-4187-8D11-1826695F8988}.Release|Any CPU.Build.0 = Release|Any CPU
		{ECB1EBC3-7BAD-4187-8D11-1826695F8988}.Release|x64.ActiveCfg = Release|x64
		{ECB1EBC3-7BAD-4187-8D11-1826695F8988}.Release|x64.Build.0 = Release|x64
		{ECB1EBC3-7BAD-4187-8D11-1826695F8988}.Release|x86.ActiveCfg = Release|x86
		{ECB1EBC3-7BAD-4187-8D11-1826695F8988}.Release|x86.Build.0 = Release|x86
		{84DFC3EE-441D-4B5F-BC51-325479F93FC5}.Debug|Any CPU.ActiveCfg = Debug|Any CPU
		{84DFC3EE-441D-4B5F-BC51-325479F93FC5}.Debug|Any CPU.Build.0 = Debug|Any CPU
		{84DFC3EE-441D-4B5F-BC51-325479F93FC5}.Debug|x64.ActiveCfg = Debug|x64
		{84DFC3EE-441D-4B5F-BC51-325479F93FC5}.Debug|x64.Build.0 = Debug|x64
		{84DFC3EE-441D-4B5F-BC51-325479F93FC5}.Debug|x86.ActiveCfg = Debug|x86
		{84DFC3EE-441D-4B5F-BC51-325479F93FC5}.Debug|x86.Build.0 = Debug|x86
		{84DFC3EE-441D-4B5F-BC51-325479F93FC5}.Release|Any CPU.ActiveCfg = Release|Any CPU
		{84DFC3EE-441D-4B5F-BC51-325479F93FC5}.Release|Any CPU.Build.0 = Release|Any CPU
		{84DFC3EE-441D-4B5F-BC51-325479F93FC5}.Release|x64.ActiveCfg = Release|x64
		{84DFC3EE-441D-4B5F-BC51-325479F93FC5}.Release|x64.Build.0 = Release|x64
		{84DFC3EE-441D-4B5F-BC51-325479F93FC5}.Release|x86.ActiveCfg = Release|x86
		{84DFC3EE-441D-4B5F-BC51-325479F93FC5}.Release|x86.Build.0 = Release|x86
	EndGlobalSection
	GlobalSection(SolutionProperties) = preSolution
		HideSolutionNode = FALSE
	EndGlobalSection
	GlobalSection(ExtensibilityGlobals) = postSolution
		SolutionGuid = {147B9CF4-6C80-4E65-A099-AD876D3E473C}
	EndGlobalSection
	GlobalSection(NestedProjects) = preSolution
		{20EF4585-3F74-49FE-A13B-E2704E8F8A2A} = {0195AD88-4FB1-4F8E-B6E9-F310B0EF42FC}
		{2E3F71F9-0249-4AEB-8674-FDBDDC962A94} = {0195AD88-4FB1-4F8E-B6E9-F310B0EF42FC}
		{FB046338-7A92-4219-9D0E-A2315221C8B6} = {0195AD88-4FB1-4F8E-B6E9-F310B0EF42FC}
		{87AD6422-745B-4BDE-AA74-0E2481427023} = {0195AD88-4FB1-4F8E-B6E9-F310B0EF42FC}
		{CB8A54C0-62E5-4D6E-B1F6-EE5FB09E5C58} = {0195AD88-4FB1-4F8E-B6E9-F310B0EF42FC}
		{2AF50B5A-87BE-4304-88E6-CC8DAB169BD8} = {0195AD88-4FB1-4F8E-B6E9-F310B0EF42FC}
		{A22363CC-8B82-4179-97B0-FE18B290DB2D} = {0195AD88-4FB1-4F8E-B6E9-F310B0EF42FC}
		{E25A7CED-4476-488A-9B71-4C09FA48E7E7} = {0195AD88-4FB1-4F8E-B6E9-F310B0EF42FC}
		{ECB1EBC3-7BAD-4187-8D11-1826695F8988} = {0195AD88-4FB1-4F8E-B6E9-F310B0EF42FC}
		{84DFC3EE-441D-4B5F-BC51-325479F93FC5} = {707313C5-0095-4617-B002-D207E92FB91F}
	EndGlobalSection
EndGlobal
