
Microsoft Visual Studio Solution File, Format Version 12.00
# Visual Studio 15
VisualStudioVersion = 15.0.27004.2002
MinimumVisualStudioVersion = 10.0.40219.1
Project("{FAE04EC0-301F-11D3-BF4B-00C04F79EFBC}") = "dotSpace", "dotSpace\dotSpace.csproj", "{EA07D9C8-E59A-4C8F-BD98-1EC1EECD3351}"
EndProject
Project("{2150E333-8FDC-42A3-9474-1A3956D46DE8}") = "Solution Items", "Solution Items", "{738DD24E-1893-45A2-94FD-DFF65C149BEC}"
	ProjectSection(SolutionItems) = preProject
		README.md = README.md
	EndProjectSection
EndProject
Project("{2150E333-8FDC-42A3-9474-1A3956D46DE8}") = "examples", "examples", "{0195AD88-4FB1-4F8E-B6E9-F310B0EF42FC}"
EndProject
Project("{2150E333-8FDC-42A3-9474-1A3956D46DE8}") = "distributed", "distributed", "{2B873CCC-433A-45DD-9267-8CA4C2448F72}"
EndProject
Project("{FAE04EC0-301F-11D3-BF4B-00C04F79EFBC}") = "Example6", "examples\distributed\Example6\Example6.csproj", "{438001E5-7DB6-4ACC-897B-49AF00CE0791}"
EndProject
Project("{FAE04EC0-301F-11D3-BF4B-00C04F79EFBC}") = "BankAccount", "examples\BankAccount\BankAccount.csproj", "{BE01A5FA-E6BB-45CE-8AD3-18A4368A147F}"
EndProject
Project("{FAE04EC0-301F-11D3-BF4B-00C04F79EFBC}") = "ClickRate", "examples\ClickRate\ClickRate.csproj", "{83261001-7745-4FBF-9210-898A5414AF77}"
EndProject
Project("{FAE04EC0-301F-11D3-BF4B-00C04F79EFBC}") = "Example1", "examples\Example1\Example1.csproj", "{75B4260E-68F0-4771-93E5-A2645F12131D}"
EndProject
Project("{FAE04EC0-301F-11D3-BF4B-00C04F79EFBC}") = "Example2", "examples\Example2\Example2.csproj", "{0864C4F9-B5CE-44F6-B30E-D1B5893C774C}"
EndProject
Project("{FAE04EC0-301F-11D3-BF4B-00C04F79EFBC}") = "Example3", "examples\Example3\Example3.csproj", "{70CD9548-F4CB-4E90-A1B1-4058AD8ABDD7}"
EndProject
Project("{FAE04EC0-301F-11D3-BF4B-00C04F79EFBC}") = "Example4", "examples\Example4\Example4.csproj", "{A512B22D-A817-4864-A905-2966A8DA380E}"
EndProject
Project("{FAE04EC0-301F-11D3-BF4B-00C04F79EFBC}") = "ReadFileTest", "examples\ReadFileTest\ReadFileTest.csproj", "{C1E955B9-E560-4275-A1AC-5762F9CA815D}"
EndProject
Project("{FAE04EC0-301F-11D3-BF4B-00C04F79EFBC}") = "BankAccountD", "examples\distributed\BankAccountD\BankAccountD.csproj", "{896F9FAE-625E-4A50-B8C3-E6590953FE16}"
EndProject
Project("{FAE04EC0-301F-11D3-BF4B-00C04F79EFBC}") = "ClickRateD", "examples\distributed\ClickRateD\ClickRateD.csproj", "{47D67FFA-EC03-4FE1-B474-EDBAC28FB8AA}"
EndProject
Project("{FAE04EC0-301F-11D3-BF4B-00C04F79EFBC}") = "Example5", "examples\distributed\Example5\Example5.csproj", "{9C2D9B33-E0BF-4539-9527-553E71BD2863}"
EndProject
Project("{FAE04EC0-301F-11D3-BF4B-00C04F79EFBC}") = "Example7", "examples\distributed\Example7\Example7.csproj", "{6001303E-7E38-40FA-AAA5-5AAB3C0E89D5}"
EndProject
Project("{2150E333-8FDC-42A3-9474-1A3956D46DE8}") = "ObjectSpaceExamples", "ObjectSpaceExamples", "{8FCA699F-07AF-4379-8774-FAFC3CEB61D7}"
EndProject
Project("{FAE04EC0-301F-11D3-BF4B-00C04F79EFBC}") = "ProducerConsumer", "examples\ObjectSpaceExamples\ProducerConsumer\ProducerConsumer.csproj", "{116677AE-BD38-4A43-BE23-6D07F17497B4}"
EndProject
Project("{FAE04EC0-301F-11D3-BF4B-00C04F79EFBC}") = "ProducerConsumerD", "examples\ObjectSpaceExamples\ProducerConsumerD\ProducerConsumerD.csproj", "{63A818AB-29EE-4415-8CDA-5C213A9CB376}"
EndProject
Global
	GlobalSection(SolutionConfigurationPlatforms) = preSolution
		Debug|Any CPU = Debug|Any CPU
		Release|Any CPU = Release|Any CPU
		Debug|x64 = Debug|x64
		Debug|x86 = Debug|x86
		Release|x64 = Release|x64
		Release|x86 = Release|x86
	EndGlobalSection
	GlobalSection(ProjectConfigurationPlatforms) = postSolution
		{EA07D9C8-E59A-4C8F-BD98-1EC1EECD3351}.Debug|Any CPU.ActiveCfg = Debug|Any CPU
		{EA07D9C8-E59A-4C8F-BD98-1EC1EECD3351}.Debug|Any CPU.Build.0 = Debug|Any CPU
		{EA07D9C8-E59A-4C8F-BD98-1EC1EECD3351}.Release|Any CPU.ActiveCfg = Release|Any CPU
		{EA07D9C8-E59A-4C8F-BD98-1EC1EECD3351}.Release|Any CPU.Build.0 = Release|Any CPU
		{4FCBC16C-6F1F-49EA-AC95-798E7BFA5A3A}.Debug|Any CPU.ActiveCfg = Debug|Any CPU
		{4FCBC16C-6F1F-49EA-AC95-798E7BFA5A3A}.Debug|Any CPU.Build.0 = Debug|Any CPU
		{4FCBC16C-6F1F-49EA-AC95-798E7BFA5A3A}.Debug|x64.ActiveCfg = Debug|x64
		{4FCBC16C-6F1F-49EA-AC95-798E7BFA5A3A}.Debug|x64.Build.0 = Debug|x64
		{4FCBC16C-6F1F-49EA-AC95-798E7BFA5A3A}.Debug|x86.ActiveCfg = Debug|x86
		{4FCBC16C-6F1F-49EA-AC95-798E7BFA5A3A}.Debug|x86.Build.0 = Debug|x86
		{4FCBC16C-6F1F-49EA-AC95-798E7BFA5A3A}.Release|Any CPU.ActiveCfg = Release|Any CPU
		{4FCBC16C-6F1F-49EA-AC95-798E7BFA5A3A}.Release|Any CPU.Build.0 = Release|Any CPU
		{4FCBC16C-6F1F-49EA-AC95-798E7BFA5A3A}.Release|x64.ActiveCfg = Release|x64
		{4FCBC16C-6F1F-49EA-AC95-798E7BFA5A3A}.Release|x64.Build.0 = Release|x64
		{4FCBC16C-6F1F-49EA-AC95-798E7BFA5A3A}.Release|x86.ActiveCfg = Release|x86
		{4FCBC16C-6F1F-49EA-AC95-798E7BFA5A3A}.Release|x86.Build.0 = Release|x86
		{438001E5-7DB6-4ACC-897B-49AF00CE0791}.Debug|Any CPU.ActiveCfg = Debug|Any CPU
		{438001E5-7DB6-4ACC-897B-49AF00CE0791}.Debug|Any CPU.Build.0 = Debug|Any CPU
		{438001E5-7DB6-4ACC-897B-49AF00CE0791}.Debug|x64.ActiveCfg = Debug|x64
		{438001E5-7DB6-4ACC-897B-49AF00CE0791}.Debug|x64.Build.0 = Debug|x64
		{438001E5-7DB6-4ACC-897B-49AF00CE0791}.Debug|x86.ActiveCfg = Debug|x86
		{438001E5-7DB6-4ACC-897B-49AF00CE0791}.Debug|x86.Build.0 = Debug|x86
		{438001E5-7DB6-4ACC-897B-49AF00CE0791}.Release|Any CPU.ActiveCfg = Release|Any CPU
		{438001E5-7DB6-4ACC-897B-49AF00CE0791}.Release|Any CPU.Build.0 = Release|Any CPU
		{438001E5-7DB6-4ACC-897B-49AF00CE0791}.Release|x64.ActiveCfg = Release|x64
		{438001E5-7DB6-4ACC-897B-49AF00CE0791}.Release|x64.Build.0 = Release|x64
		{438001E5-7DB6-4ACC-897B-49AF00CE0791}.Release|x86.ActiveCfg = Release|x86
		{438001E5-7DB6-4ACC-897B-49AF00CE0791}.Release|x86.Build.0 = Release|x86
		{BE01A5FA-E6BB-45CE-8AD3-18A4368A147F}.Debug|Any CPU.ActiveCfg = Debug|Any CPU
		{BE01A5FA-E6BB-45CE-8AD3-18A4368A147F}.Debug|Any CPU.Build.0 = Debug|Any CPU
		{BE01A5FA-E6BB-45CE-8AD3-18A4368A147F}.Debug|x64.ActiveCfg = Debug|x64
		{BE01A5FA-E6BB-45CE-8AD3-18A4368A147F}.Debug|x64.Build.0 = Debug|x64
		{BE01A5FA-E6BB-45CE-8AD3-18A4368A147F}.Debug|x86.ActiveCfg = Debug|x86
		{BE01A5FA-E6BB-45CE-8AD3-18A4368A147F}.Debug|x86.Build.0 = Debug|x86
		{BE01A5FA-E6BB-45CE-8AD3-18A4368A147F}.Release|Any CPU.ActiveCfg = Release|Any CPU
		{BE01A5FA-E6BB-45CE-8AD3-18A4368A147F}.Release|Any CPU.Build.0 = Release|Any CPU
		{BE01A5FA-E6BB-45CE-8AD3-18A4368A147F}.Release|x64.ActiveCfg = Release|x64
		{BE01A5FA-E6BB-45CE-8AD3-18A4368A147F}.Release|x64.Build.0 = Release|x64
		{BE01A5FA-E6BB-45CE-8AD3-18A4368A147F}.Release|x86.ActiveCfg = Release|x86
		{BE01A5FA-E6BB-45CE-8AD3-18A4368A147F}.Release|x86.Build.0 = Release|x86
		{83261001-7745-4FBF-9210-898A5414AF77}.Debug|Any CPU.ActiveCfg = Debug|Any CPU
		{83261001-7745-4FBF-9210-898A5414AF77}.Debug|Any CPU.Build.0 = Debug|Any CPU
		{83261001-7745-4FBF-9210-898A5414AF77}.Debug|x64.ActiveCfg = Debug|x64
		{83261001-7745-4FBF-9210-898A5414AF77}.Debug|x64.Build.0 = Debug|x64
		{83261001-7745-4FBF-9210-898A5414AF77}.Debug|x86.ActiveCfg = Debug|x86
		{83261001-7745-4FBF-9210-898A5414AF77}.Debug|x86.Build.0 = Debug|x86
		{83261001-7745-4FBF-9210-898A5414AF77}.Release|Any CPU.ActiveCfg = Release|Any CPU
		{83261001-7745-4FBF-9210-898A5414AF77}.Release|Any CPU.Build.0 = Release|Any CPU
		{83261001-7745-4FBF-9210-898A5414AF77}.Release|x64.ActiveCfg = Release|x64
		{83261001-7745-4FBF-9210-898A5414AF77}.Release|x64.Build.0 = Release|x64
		{83261001-7745-4FBF-9210-898A5414AF77}.Release|x86.ActiveCfg = Release|x86
		{83261001-7745-4FBF-9210-898A5414AF77}.Release|x86.Build.0 = Release|x86
		{75B4260E-68F0-4771-93E5-A2645F12131D}.Debug|Any CPU.ActiveCfg = Debug|Any CPU
		{75B4260E-68F0-4771-93E5-A2645F12131D}.Debug|Any CPU.Build.0 = Debug|Any CPU
		{75B4260E-68F0-4771-93E5-A2645F12131D}.Debug|x64.ActiveCfg = Debug|x64
		{75B4260E-68F0-4771-93E5-A2645F12131D}.Debug|x64.Build.0 = Debug|x64
		{75B4260E-68F0-4771-93E5-A2645F12131D}.Debug|x86.ActiveCfg = Debug|x86
		{75B4260E-68F0-4771-93E5-A2645F12131D}.Debug|x86.Build.0 = Debug|x86
		{75B4260E-68F0-4771-93E5-A2645F12131D}.Release|Any CPU.ActiveCfg = Release|Any CPU
		{75B4260E-68F0-4771-93E5-A2645F12131D}.Release|Any CPU.Build.0 = Release|Any CPU
		{75B4260E-68F0-4771-93E5-A2645F12131D}.Release|x64.ActiveCfg = Release|x64
		{75B4260E-68F0-4771-93E5-A2645F12131D}.Release|x64.Build.0 = Release|x64
		{75B4260E-68F0-4771-93E5-A2645F12131D}.Release|x86.ActiveCfg = Release|x86
		{75B4260E-68F0-4771-93E5-A2645F12131D}.Release|x86.Build.0 = Release|x86
		{0864C4F9-B5CE-44F6-B30E-D1B5893C774C}.Debug|Any CPU.ActiveCfg = Debug|Any CPU
		{0864C4F9-B5CE-44F6-B30E-D1B5893C774C}.Debug|Any CPU.Build.0 = Debug|Any CPU
		{0864C4F9-B5CE-44F6-B30E-D1B5893C774C}.Debug|x64.ActiveCfg = Debug|x64
		{0864C4F9-B5CE-44F6-B30E-D1B5893C774C}.Debug|x64.Build.0 = Debug|x64
		{0864C4F9-B5CE-44F6-B30E-D1B5893C774C}.Debug|x86.ActiveCfg = Debug|x86
		{0864C4F9-B5CE-44F6-B30E-D1B5893C774C}.Debug|x86.Build.0 = Debug|x86
		{0864C4F9-B5CE-44F6-B30E-D1B5893C774C}.Release|Any CPU.ActiveCfg = Release|Any CPU
		{0864C4F9-B5CE-44F6-B30E-D1B5893C774C}.Release|Any CPU.Build.0 = Release|Any CPU
		{0864C4F9-B5CE-44F6-B30E-D1B5893C774C}.Release|x64.ActiveCfg = Release|x64
		{0864C4F9-B5CE-44F6-B30E-D1B5893C774C}.Release|x64.Build.0 = Release|x64
		{0864C4F9-B5CE-44F6-B30E-D1B5893C774C}.Release|x86.ActiveCfg = Release|x86
		{0864C4F9-B5CE-44F6-B30E-D1B5893C774C}.Release|x86.Build.0 = Release|x86
		{70CD9548-F4CB-4E90-A1B1-4058AD8ABDD7}.Debug|Any CPU.ActiveCfg = Debug|Any CPU
		{70CD9548-F4CB-4E90-A1B1-4058AD8ABDD7}.Debug|Any CPU.Build.0 = Debug|Any CPU
		{70CD9548-F4CB-4E90-A1B1-4058AD8ABDD7}.Debug|x64.ActiveCfg = Debug|x64
		{70CD9548-F4CB-4E90-A1B1-4058AD8ABDD7}.Debug|x64.Build.0 = Debug|x64
		{70CD9548-F4CB-4E90-A1B1-4058AD8ABDD7}.Debug|x86.ActiveCfg = Debug|x86
		{70CD9548-F4CB-4E90-A1B1-4058AD8ABDD7}.Debug|x86.Build.0 = Debug|x86
		{70CD9548-F4CB-4E90-A1B1-4058AD8ABDD7}.Release|Any CPU.ActiveCfg = Release|Any CPU
		{70CD9548-F4CB-4E90-A1B1-4058AD8ABDD7}.Release|Any CPU.Build.0 = Release|Any CPU
		{70CD9548-F4CB-4E90-A1B1-4058AD8ABDD7}.Release|x64.ActiveCfg = Release|x64
		{70CD9548-F4CB-4E90-A1B1-4058AD8ABDD7}.Release|x64.Build.0 = Release|x64
		{70CD9548-F4CB-4E90-A1B1-4058AD8ABDD7}.Release|x86.ActiveCfg = Release|x86
		{70CD9548-F4CB-4E90-A1B1-4058AD8ABDD7}.Release|x86.Build.0 = Release|x86
		{A512B22D-A817-4864-A905-2966A8DA380E}.Debug|Any CPU.ActiveCfg = Debug|Any CPU
		{A512B22D-A817-4864-A905-2966A8DA380E}.Debug|Any CPU.Build.0 = Debug|Any CPU
		{A512B22D-A817-4864-A905-2966A8DA380E}.Debug|x64.ActiveCfg = Debug|x64
		{A512B22D-A817-4864-A905-2966A8DA380E}.Debug|x64.Build.0 = Debug|x64
		{A512B22D-A817-4864-A905-2966A8DA380E}.Debug|x86.ActiveCfg = Debug|x86
		{A512B22D-A817-4864-A905-2966A8DA380E}.Debug|x86.Build.0 = Debug|x86
		{A512B22D-A817-4864-A905-2966A8DA380E}.Release|Any CPU.ActiveCfg = Release|Any CPU
		{A512B22D-A817-4864-A905-2966A8DA380E}.Release|Any CPU.Build.0 = Release|Any CPU
		{A512B22D-A817-4864-A905-2966A8DA380E}.Release|x64.ActiveCfg = Release|x64
		{A512B22D-A817-4864-A905-2966A8DA380E}.Release|x64.Build.0 = Release|x64
		{A512B22D-A817-4864-A905-2966A8DA380E}.Release|x86.ActiveCfg = Release|x86
		{A512B22D-A817-4864-A905-2966A8DA380E}.Release|x86.Build.0 = Release|x86
		{C1E955B9-E560-4275-A1AC-5762F9CA815D}.Debug|Any CPU.ActiveCfg = Debug|Any CPU
		{C1E955B9-E560-4275-A1AC-5762F9CA815D}.Debug|Any CPU.Build.0 = Debug|Any CPU
		{C1E955B9-E560-4275-A1AC-5762F9CA815D}.Debug|x64.ActiveCfg = Debug|x64
		{C1E955B9-E560-4275-A1AC-5762F9CA815D}.Debug|x64.Build.0 = Debug|x64
		{C1E955B9-E560-4275-A1AC-5762F9CA815D}.Debug|x86.ActiveCfg = Debug|x86
		{C1E955B9-E560-4275-A1AC-5762F9CA815D}.Debug|x86.Build.0 = Debug|x86
		{C1E955B9-E560-4275-A1AC-5762F9CA815D}.Release|Any CPU.ActiveCfg = Release|Any CPU
		{C1E955B9-E560-4275-A1AC-5762F9CA815D}.Release|Any CPU.Build.0 = Release|Any CPU
		{C1E955B9-E560-4275-A1AC-5762F9CA815D}.Release|x64.ActiveCfg = Release|x64
		{C1E955B9-E560-4275-A1AC-5762F9CA815D}.Release|x64.Build.0 = Release|x64
		{C1E955B9-E560-4275-A1AC-5762F9CA815D}.Release|x86.ActiveCfg = Release|x86
		{C1E955B9-E560-4275-A1AC-5762F9CA815D}.Release|x86.Build.0 = Release|x86
		{896F9FAE-625E-4A50-B8C3-E6590953FE16}.Debug|Any CPU.ActiveCfg = Debug|Any CPU
		{896F9FAE-625E-4A50-B8C3-E6590953FE16}.Debug|Any CPU.Build.0 = Debug|Any CPU
		{896F9FAE-625E-4A50-B8C3-E6590953FE16}.Debug|x64.ActiveCfg = Debug|x64
		{896F9FAE-625E-4A50-B8C3-E6590953FE16}.Debug|x64.Build.0 = Debug|x64
		{896F9FAE-625E-4A50-B8C3-E6590953FE16}.Debug|x86.ActiveCfg = Debug|x86
		{896F9FAE-625E-4A50-B8C3-E6590953FE16}.Debug|x86.Build.0 = Debug|x86
		{896F9FAE-625E-4A50-B8C3-E6590953FE16}.Release|Any CPU.ActiveCfg = Release|Any CPU
		{896F9FAE-625E-4A50-B8C3-E6590953FE16}.Release|Any CPU.Build.0 = Release|Any CPU
		{896F9FAE-625E-4A50-B8C3-E6590953FE16}.Release|x64.ActiveCfg = Release|x64
		{896F9FAE-625E-4A50-B8C3-E6590953FE16}.Release|x64.Build.0 = Release|x64
		{896F9FAE-625E-4A50-B8C3-E6590953FE16}.Release|x86.ActiveCfg = Release|x86
		{896F9FAE-625E-4A50-B8C3-E6590953FE16}.Release|x86.Build.0 = Release|x86
		{47D67FFA-EC03-4FE1-B474-EDBAC28FB8AA}.Debug|Any CPU.ActiveCfg = Debug|Any CPU
		{47D67FFA-EC03-4FE1-B474-EDBAC28FB8AA}.Debug|Any CPU.Build.0 = Debug|Any CPU
		{47D67FFA-EC03-4FE1-B474-EDBAC28FB8AA}.Debug|x64.ActiveCfg = Debug|x64
		{47D67FFA-EC03-4FE1-B474-EDBAC28FB8AA}.Debug|x64.Build.0 = Debug|x64
		{47D67FFA-EC03-4FE1-B474-EDBAC28FB8AA}.Debug|x86.ActiveCfg = Debug|x86
		{47D67FFA-EC03-4FE1-B474-EDBAC28FB8AA}.Debug|x86.Build.0 = Debug|x86
		{47D67FFA-EC03-4FE1-B474-EDBAC28FB8AA}.Release|Any CPU.ActiveCfg = Release|Any CPU
		{47D67FFA-EC03-4FE1-B474-EDBAC28FB8AA}.Release|Any CPU.Build.0 = Release|Any CPU
		{47D67FFA-EC03-4FE1-B474-EDBAC28FB8AA}.Release|x64.ActiveCfg = Release|x64
		{47D67FFA-EC03-4FE1-B474-EDBAC28FB8AA}.Release|x64.Build.0 = Release|x64
		{47D67FFA-EC03-4FE1-B474-EDBAC28FB8AA}.Release|x86.ActiveCfg = Release|x86
		{47D67FFA-EC03-4FE1-B474-EDBAC28FB8AA}.Release|x86.Build.0 = Release|x86
		{9C2D9B33-E0BF-4539-9527-553E71BD2863}.Debug|Any CPU.ActiveCfg = Debug|Any CPU
		{9C2D9B33-E0BF-4539-9527-553E71BD2863}.Debug|Any CPU.Build.0 = Debug|Any CPU
		{9C2D9B33-E0BF-4539-9527-553E71BD2863}.Debug|x64.ActiveCfg = Debug|x64
		{9C2D9B33-E0BF-4539-9527-553E71BD2863}.Debug|x64.Build.0 = Debug|x64
		{9C2D9B33-E0BF-4539-9527-553E71BD2863}.Debug|x86.ActiveCfg = Debug|x86
		{9C2D9B33-E0BF-4539-9527-553E71BD2863}.Debug|x86.Build.0 = Debug|x86
		{9C2D9B33-E0BF-4539-9527-553E71BD2863}.Release|Any CPU.ActiveCfg = Release|Any CPU
		{9C2D9B33-E0BF-4539-9527-553E71BD2863}.Release|Any CPU.Build.0 = Release|Any CPU
		{9C2D9B33-E0BF-4539-9527-553E71BD2863}.Release|x64.ActiveCfg = Release|x64
		{9C2D9B33-E0BF-4539-9527-553E71BD2863}.Release|x64.Build.0 = Release|x64
		{9C2D9B33-E0BF-4539-9527-553E71BD2863}.Release|x86.ActiveCfg = Release|x86
		{9C2D9B33-E0BF-4539-9527-553E71BD2863}.Release|x86.Build.0 = Release|x86
		{6001303E-7E38-40FA-AAA5-5AAB3C0E89D5}.Debug|Any CPU.ActiveCfg = Debug|Any CPU
		{6001303E-7E38-40FA-AAA5-5AAB3C0E89D5}.Debug|Any CPU.Build.0 = Debug|Any CPU
		{6001303E-7E38-40FA-AAA5-5AAB3C0E89D5}.Debug|x64.ActiveCfg = Debug|x64
		{6001303E-7E38-40FA-AAA5-5AAB3C0E89D5}.Debug|x64.Build.0 = Debug|x64
		{6001303E-7E38-40FA-AAA5-5AAB3C0E89D5}.Debug|x86.ActiveCfg = Debug|x86
		{6001303E-7E38-40FA-AAA5-5AAB3C0E89D5}.Debug|x86.Build.0 = Debug|x86
		{6001303E-7E38-40FA-AAA5-5AAB3C0E89D5}.Release|Any CPU.ActiveCfg = Release|Any CPU
		{6001303E-7E38-40FA-AAA5-5AAB3C0E89D5}.Release|Any CPU.Build.0 = Release|Any CPU
		{6001303E-7E38-40FA-AAA5-5AAB3C0E89D5}.Release|x64.ActiveCfg = Release|x64
		{6001303E-7E38-40FA-AAA5-5AAB3C0E89D5}.Release|x64.Build.0 = Release|x64
		{6001303E-7E38-40FA-AAA5-5AAB3C0E89D5}.Release|x86.ActiveCfg = Release|x86
		{6001303E-7E38-40FA-AAA5-5AAB3C0E89D5}.Release|x86.Build.0 = Release|x86
		{116677AE-BD38-4A43-BE23-6D07F17497B4}.Debug|Any CPU.ActiveCfg = Debug|Any CPU
		{116677AE-BD38-4A43-BE23-6D07F17497B4}.Debug|Any CPU.Build.0 = Debug|Any CPU
		{116677AE-BD38-4A43-BE23-6D07F17497B4}.Debug|x64.ActiveCfg = Debug|x64
		{116677AE-BD38-4A43-BE23-6D07F17497B4}.Debug|x64.Build.0 = Debug|x64
		{116677AE-BD38-4A43-BE23-6D07F17497B4}.Debug|x86.ActiveCfg = Debug|x86
		{116677AE-BD38-4A43-BE23-6D07F17497B4}.Debug|x86.Build.0 = Debug|x86
		{116677AE-BD38-4A43-BE23-6D07F17497B4}.Release|Any CPU.ActiveCfg = Release|Any CPU
		{116677AE-BD38-4A43-BE23-6D07F17497B4}.Release|Any CPU.Build.0 = Release|Any CPU
		{116677AE-BD38-4A43-BE23-6D07F17497B4}.Release|x64.ActiveCfg = Release|x64
		{116677AE-BD38-4A43-BE23-6D07F17497B4}.Release|x64.Build.0 = Release|x64
		{116677AE-BD38-4A43-BE23-6D07F17497B4}.Release|x86.ActiveCfg = Release|x86
		{116677AE-BD38-4A43-BE23-6D07F17497B4}.Release|x86.Build.0 = Release|x86
		{63A818AB-29EE-4415-8CDA-5C213A9CB376}.Debug|Any CPU.ActiveCfg = Debug|Any CPU
		{63A818AB-29EE-4415-8CDA-5C213A9CB376}.Debug|Any CPU.Build.0 = Debug|Any CPU
		{63A818AB-29EE-4415-8CDA-5C213A9CB376}.Debug|x64.ActiveCfg = Debug|x64
		{63A818AB-29EE-4415-8CDA-5C213A9CB376}.Debug|x64.Build.0 = Debug|x64
		{63A818AB-29EE-4415-8CDA-5C213A9CB376}.Debug|x86.ActiveCfg = Debug|x86
		{63A818AB-29EE-4415-8CDA-5C213A9CB376}.Debug|x86.Build.0 = Debug|x86
		{63A818AB-29EE-4415-8CDA-5C213A9CB376}.Release|Any CPU.ActiveCfg = Release|Any CPU
		{63A818AB-29EE-4415-8CDA-5C213A9CB376}.Release|Any CPU.Build.0 = Release|Any CPU
		{63A818AB-29EE-4415-8CDA-5C213A9CB376}.Release|x64.ActiveCfg = Release|x64
		{63A818AB-29EE-4415-8CDA-5C213A9CB376}.Release|x64.Build.0 = Release|x64
		{63A818AB-29EE-4415-8CDA-5C213A9CB376}.Release|x86.ActiveCfg = Release|x86
		{63A818AB-29EE-4415-8CDA-5C213A9CB376}.Release|x86.Build.0 = Release|x86
	EndGlobalSection
	GlobalSection(SolutionProperties) = preSolution
		HideSolutionNode = FALSE
	EndGlobalSection
	GlobalSection(ExtensibilityGlobals) = postSolution
		SolutionGuid = {147B9CF4-6C80-4E65-A099-AD876D3E473C}
	EndGlobalSection
	GlobalSection(NestedProjects) = preSolution
		{2B873CCC-433A-45DD-9267-8CA4C2448F72} = {0195AD88-4FB1-4F8E-B6E9-F310B0EF42FC}
		{438001E5-7DB6-4ACC-897B-49AF00CE0791} = {2B873CCC-433A-45DD-9267-8CA4C2448F72}
		{BE01A5FA-E6BB-45CE-8AD3-18A4368A147F} = {0195AD88-4FB1-4F8E-B6E9-F310B0EF42FC}
		{83261001-7745-4FBF-9210-898A5414AF77} = {0195AD88-4FB1-4F8E-B6E9-F310B0EF42FC}
		{75B4260E-68F0-4771-93E5-A2645F12131D} = {0195AD88-4FB1-4F8E-B6E9-F310B0EF42FC}
		{0864C4F9-B5CE-44F6-B30E-D1B5893C774C} = {0195AD88-4FB1-4F8E-B6E9-F310B0EF42FC}
		{70CD9548-F4CB-4E90-A1B1-4058AD8ABDD7} = {0195AD88-4FB1-4F8E-B6E9-F310B0EF42FC}
		{A512B22D-A817-4864-A905-2966A8DA380E} = {0195AD88-4FB1-4F8E-B6E9-F310B0EF42FC}
		{C1E955B9-E560-4275-A1AC-5762F9CA815D} = {0195AD88-4FB1-4F8E-B6E9-F310B0EF42FC}
		{896F9FAE-625E-4A50-B8C3-E6590953FE16} = {2B873CCC-433A-45DD-9267-8CA4C2448F72}
		{47D67FFA-EC03-4FE1-B474-EDBAC28FB8AA} = {2B873CCC-433A-45DD-9267-8CA4C2448F72}
		{9C2D9B33-E0BF-4539-9527-553E71BD2863} = {2B873CCC-433A-45DD-9267-8CA4C2448F72}
		{6001303E-7E38-40FA-AAA5-5AAB3C0E89D5} = {2B873CCC-433A-45DD-9267-8CA4C2448F72}
		{8FCA699F-07AF-4379-8774-FAFC3CEB61D7} = {0195AD88-4FB1-4F8E-B6E9-F310B0EF42FC}
		{116677AE-BD38-4A43-BE23-6D07F17497B4} = {8FCA699F-07AF-4379-8774-FAFC3CEB61D7}
		{63A818AB-29EE-4415-8CDA-5C213A9CB376} = {8FCA699F-07AF-4379-8774-FAFC3CEB61D7}
	EndGlobalSection
EndGlobal
