
Microsoft Visual Studio Solution File, Format Version 12.00
# Visual Studio 15
VisualStudioVersion = 15.0.27004.2002
MinimumVisualStudioVersion = 10.0.40219.1
Project("{FAE04EC0-301F-11D3-BF4B-00C04F79EFBC}") = "dotSpace", "dotSpace\dotSpace.csproj", "{EA07D9C8-E59A-4C8F-BD98-1EC1EECD3351}"
EndProject
Project("{2150E333-8FDC-42A3-9474-1A3956D46DE8}") = "Solution Items", "Solution Items", "{738DD24E-1893-45A2-94FD-DFF65C149BEC}"
	ProjectSection(SolutionItems) = preProject
		README.md = README.md
	EndProjectSection
EndProject
Project("{2150E333-8FDC-42A3-9474-1A3956D46DE8}") = "examples", "examples", "{0195AD88-4FB1-4F8E-B6E9-F310B0EF42FC}"
EndProject
Project("{FAE04EC0-301F-11D3-BF4B-00C04F79EFBC}") = "Example1", "examples\Example1\Example1.csproj", "{20EF4585-3F74-49FE-A13B-E2704E8F8A2A}"
EndProject
Project("{FAE04EC0-301F-11D3-BF4B-00C04F79EFBC}") = "Example2", "examples\Example2\Example2.csproj", "{2E3F71F9-0249-4AEB-8674-FDBDDC962A94}"
EndProject
Project("{FAE04EC0-301F-11D3-BF4B-00C04F79EFBC}") = "Example3", "examples\Example3\Example3.csproj", "{FB046338-7A92-4219-9D0E-A2315221C8B6}"
EndProject
Project("{FAE04EC0-301F-11D3-BF4B-00C04F79EFBC}") = "Example4", "examples\Example4\Example4.csproj", "{87AD6422-745B-4BDE-AA74-0E2481427023}"
EndProject
Project("{FAE04EC0-301F-11D3-BF4B-00C04F79EFBC}") = "ClickRate", "examples\ClickRate\ClickRate.csproj", "{E25A7CED-4476-488A-9B71-4C09FA48E7E7}"
EndProject
Project("{FAE04EC0-301F-11D3-BF4B-00C04F79EFBC}") = "ReadFileTest", "examples\ReadFileTest\ReadFileTest.csproj", "{ECB1EBC3-7BAD-4187-8D11-1826695F8988}"
EndProject
Project("{FAE04EC0-301F-11D3-BF4B-00C04F79EFBC}") = "BankAccount", "examples\BankAccount\BankAccount.csproj", "{99714B4E-D69A-42A7-AC8A-8332D307698C}"
EndProject
Project("{2150E333-8FDC-42A3-9474-1A3956D46DE8}") = "distributed", "distributed", "{2BA8A6B5-1C44-43CB-B194-12C364BA0500}"
EndProject
Project("{FAE04EC0-301F-11D3-BF4B-00C04F79EFBC}") = "BankAccountD", "examples\distributed\BankAccountD\BankAccountD.csproj", "{3DE48347-C31A-4052-A9F5-67B8C1B1EB2F}"
EndProject
Project("{FAE04EC0-301F-11D3-BF4B-00C04F79EFBC}") = "Example5", "examples\distributed\Example5\Example5.csproj", "{938C912C-C13A-4A07-B42B-66351615BC5E}"
EndProject
Project("{FAE04EC0-301F-11D3-BF4B-00C04F79EFBC}") = "Example6", "examples\distributed\Example6\Example6.csproj", "{80B33BDA-65FC-4AEB-9087-B737CF68D14A}"
EndProject
Project("{FAE04EC0-301F-11D3-BF4B-00C04F79EFBC}") = "Example7", "examples\distributed\Example7\Example7.csproj", "{C60F5AF4-ABA3-44CF-BD9F-EFCFED3C14E7}"
EndProject
Project("{2150E333-8FDC-42A3-9474-1A3956D46DE8}") = "ObjectSpaceExamples", "ObjectSpaceExamples", "{49D07E3C-BA63-4E9A-B4DC-8A4E41E57275}"
EndProject
Project("{FAE04EC0-301F-11D3-BF4B-00C04F79EFBC}") = "Example1", "examples\ObjectSpaceExamples\Example1\Example1.csproj", "{80F3CE90-94CB-4B90-BF81-24868A10B338}"
EndProject
Project("{FAE04EC0-301F-11D3-BF4B-00C04F79EFBC}") = "Example2", "examples\ObjectSpaceExamples\Example2\Example2.csproj", "{1898EAF0-DA02-46A8-9A46-69EC86D4E1A0}"
EndProject
Project("{FAE04EC0-301F-11D3-BF4B-00C04F79EFBC}") = "Example3", "examples\ObjectSpaceExamples\Example3\Example3.csproj", "{3441AA68-9F7F-47A7-BC81-D9319A0FB77F}"
EndProject
Global
	GlobalSection(SolutionConfigurationPlatforms) = preSolution
		Debug|Any CPU = Debug|Any CPU
		Release|Any CPU = Release|Any CPU
		Debug|x64 = Debug|x64
		Debug|x86 = Debug|x86
		Release|x64 = Release|x64
		Release|x86 = Release|x86
	EndGlobalSection
	GlobalSection(ProjectConfigurationPlatforms) = postSolution
		{EA07D9C8-E59A-4C8F-BD98-1EC1EECD3351}.Debug|Any CPU.ActiveCfg = Debug|Any CPU
		{EA07D9C8-E59A-4C8F-BD98-1EC1EECD3351}.Debug|Any CPU.Build.0 = Debug|Any CPU
		{EA07D9C8-E59A-4C8F-BD98-1EC1EECD3351}.Release|Any CPU.ActiveCfg = Release|Any CPU
		{EA07D9C8-E59A-4C8F-BD98-1EC1EECD3351}.Release|Any CPU.Build.0 = Release|Any CPU
		{20EF4585-3F74-49FE-A13B-E2704E8F8A2A}.Debug|Any CPU.ActiveCfg = Debug|Any CPU
		{20EF4585-3F74-49FE-A13B-E2704E8F8A2A}.Debug|Any CPU.Build.0 = Debug|Any CPU
		{20EF4585-3F74-49FE-A13B-E2704E8F8A2A}.Debug|x64.ActiveCfg = Debug|x64
		{20EF4585-3F74-49FE-A13B-E2704E8F8A2A}.Debug|x64.Build.0 = Debug|x64
		{20EF4585-3F74-49FE-A13B-E2704E8F8A2A}.Debug|x86.ActiveCfg = Debug|x86
		{20EF4585-3F74-49FE-A13B-E2704E8F8A2A}.Debug|x86.Build.0 = Debug|x86
		{20EF4585-3F74-49FE-A13B-E2704E8F8A2A}.Release|Any CPU.ActiveCfg = Release|Any CPU
		{20EF4585-3F74-49FE-A13B-E2704E8F8A2A}.Release|Any CPU.Build.0 = Release|Any CPU
		{20EF4585-3F74-49FE-A13B-E2704E8F8A2A}.Release|x64.ActiveCfg = Release|x64
		{20EF4585-3F74-49FE-A13B-E2704E8F8A2A}.Release|x64.Build.0 = Release|x64
		{20EF4585-3F74-49FE-A13B-E2704E8F8A2A}.Release|x86.ActiveCfg = Release|x86
		{20EF4585-3F74-49FE-A13B-E2704E8F8A2A}.Release|x86.Build.0 = Release|x86
		{2E3F71F9-0249-4AEB-8674-FDBDDC962A94}.Debug|Any CPU.ActiveCfg = Debug|Any CPU
		{2E3F71F9-0249-4AEB-8674-FDBDDC962A94}.Debug|Any CPU.Build.0 = Debug|Any CPU
		{2E3F71F9-0249-4AEB-8674-FDBDDC962A94}.Debug|x64.ActiveCfg = Debug|x64
		{2E3F71F9-0249-4AEB-8674-FDBDDC962A94}.Debug|x64.Build.0 = Debug|x64
		{2E3F71F9-0249-4AEB-8674-FDBDDC962A94}.Debug|x86.ActiveCfg = Debug|x86
		{2E3F71F9-0249-4AEB-8674-FDBDDC962A94}.Debug|x86.Build.0 = Debug|x86
		{2E3F71F9-0249-4AEB-8674-FDBDDC962A94}.Release|Any CPU.ActiveCfg = Release|Any CPU
		{2E3F71F9-0249-4AEB-8674-FDBDDC962A94}.Release|Any CPU.Build.0 = Release|Any CPU
		{2E3F71F9-0249-4AEB-8674-FDBDDC962A94}.Release|x64.ActiveCfg = Release|x64
		{2E3F71F9-0249-4AEB-8674-FDBDDC962A94}.Release|x64.Build.0 = Release|x64
		{2E3F71F9-0249-4AEB-8674-FDBDDC962A94}.Release|x86.ActiveCfg = Release|x86
		{2E3F71F9-0249-4AEB-8674-FDBDDC962A94}.Release|x86.Build.0 = Release|x86
		{FB046338-7A92-4219-9D0E-A2315221C8B6}.Debug|Any CPU.ActiveCfg = Debug|Any CPU
		{FB046338-7A92-4219-9D0E-A2315221C8B6}.Debug|Any CPU.Build.0 = Debug|Any CPU
		{FB046338-7A92-4219-9D0E-A2315221C8B6}.Debug|x64.ActiveCfg = Debug|x64
		{FB046338-7A92-4219-9D0E-A2315221C8B6}.Debug|x64.Build.0 = Debug|x64
		{FB046338-7A92-4219-9D0E-A2315221C8B6}.Debug|x86.ActiveCfg = Debug|x86
		{FB046338-7A92-4219-9D0E-A2315221C8B6}.Debug|x86.Build.0 = Debug|x86
		{FB046338-7A92-4219-9D0E-A2315221C8B6}.Release|Any CPU.ActiveCfg = Release|Any CPU
		{FB046338-7A92-4219-9D0E-A2315221C8B6}.Release|Any CPU.Build.0 = Release|Any CPU
		{FB046338-7A92-4219-9D0E-A2315221C8B6}.Release|x64.ActiveCfg = Release|x64
		{FB046338-7A92-4219-9D0E-A2315221C8B6}.Release|x64.Build.0 = Release|x64
		{FB046338-7A92-4219-9D0E-A2315221C8B6}.Release|x86.ActiveCfg = Release|x86
		{FB046338-7A92-4219-9D0E-A2315221C8B6}.Release|x86.Build.0 = Release|x86
		{87AD6422-745B-4BDE-AA74-0E2481427023}.Debug|Any CPU.ActiveCfg = Debug|Any CPU
		{87AD6422-745B-4BDE-AA74-0E2481427023}.Debug|Any CPU.Build.0 = Debug|Any CPU
		{87AD6422-745B-4BDE-AA74-0E2481427023}.Debug|x64.ActiveCfg = Debug|x64
		{87AD6422-745B-4BDE-AA74-0E2481427023}.Debug|x64.Build.0 = Debug|x64
		{87AD6422-745B-4BDE-AA74-0E2481427023}.Debug|x86.ActiveCfg = Debug|x86
		{87AD6422-745B-4BDE-AA74-0E2481427023}.Debug|x86.Build.0 = Debug|x86
		{87AD6422-745B-4BDE-AA74-0E2481427023}.Release|Any CPU.ActiveCfg = Release|Any CPU
		{87AD6422-745B-4BDE-AA74-0E2481427023}.Release|Any CPU.Build.0 = Release|Any CPU
		{87AD6422-745B-4BDE-AA74-0E2481427023}.Release|x64.ActiveCfg = Release|x64
		{87AD6422-745B-4BDE-AA74-0E2481427023}.Release|x64.Build.0 = Release|x64
		{87AD6422-745B-4BDE-AA74-0E2481427023}.Release|x86.ActiveCfg = Release|x86
		{87AD6422-745B-4BDE-AA74-0E2481427023}.Release|x86.Build.0 = Release|x86
		{E25A7CED-4476-488A-9B71-4C09FA48E7E7}.Debug|Any CPU.ActiveCfg = Debug|Any CPU
		{E25A7CED-4476-488A-9B71-4C09FA48E7E7}.Debug|Any CPU.Build.0 = Debug|Any CPU
		{E25A7CED-4476-488A-9B71-4C09FA48E7E7}.Debug|x64.ActiveCfg = Debug|x64
		{E25A7CED-4476-488A-9B71-4C09FA48E7E7}.Debug|x64.Build.0 = Debug|x64
		{E25A7CED-4476-488A-9B71-4C09FA48E7E7}.Debug|x86.ActiveCfg = Debug|x86
		{E25A7CED-4476-488A-9B71-4C09FA48E7E7}.Debug|x86.Build.0 = Debug|x86
		{E25A7CED-4476-488A-9B71-4C09FA48E7E7}.Release|Any CPU.ActiveCfg = Release|Any CPU
		{E25A7CED-4476-488A-9B71-4C09FA48E7E7}.Release|Any CPU.Build.0 = Release|Any CPU
		{E25A7CED-4476-488A-9B71-4C09FA48E7E7}.Release|x64.ActiveCfg = Release|x64
		{E25A7CED-4476-488A-9B71-4C09FA48E7E7}.Release|x64.Build.0 = Release|x64
		{E25A7CED-4476-488A-9B71-4C09FA48E7E7}.Release|x86.ActiveCfg = Release|x86
		{E25A7CED-4476-488A-9B71-4C09FA48E7E7}.Release|x86.Build.0 = Release|x86
		{ECB1EBC3-7BAD-4187-8D11-1826695F8988}.Debug|Any CPU.ActiveCfg = Debug|Any CPU
		{ECB1EBC3-7BAD-4187-8D11-1826695F8988}.Debug|Any CPU.Build.0 = Debug|Any CPU
		{ECB1EBC3-7BAD-4187-8D11-1826695F8988}.Debug|x64.ActiveCfg = Debug|x64
		{ECB1EBC3-7BAD-4187-8D11-1826695F8988}.Debug|x64.Build.0 = Debug|x64
		{ECB1EBC3-7BAD-4187-8D11-1826695F8988}.Debug|x86.ActiveCfg = Debug|x86
		{ECB1EBC3-7BAD-4187-8D11-1826695F8988}.Debug|x86.Build.0 = Debug|x86
		{ECB1EBC3-7BAD-4187-8D11-1826695F8988}.Release|Any CPU.ActiveCfg = Release|Any CPU
		{ECB1EBC3-7BAD-4187-8D11-1826695F8988}.Release|Any CPU.Build.0 = Release|Any CPU
		{ECB1EBC3-7BAD-4187-8D11-1826695F8988}.Release|x64.ActiveCfg = Release|x64
		{ECB1EBC3-7BAD-4187-8D11-1826695F8988}.Release|x64.Build.0 = Release|x64
		{ECB1EBC3-7BAD-4187-8D11-1826695F8988}.Release|x86.ActiveCfg = Release|x86
		{ECB1EBC3-7BAD-4187-8D11-1826695F8988}.Release|x86.Build.0 = Release|x86
		{99714B4E-D69A-42A7-AC8A-8332D307698C}.Debug|Any CPU.ActiveCfg = Debug|Any CPU
		{99714B4E-D69A-42A7-AC8A-8332D307698C}.Debug|Any CPU.Build.0 = Debug|Any CPU
		{99714B4E-D69A-42A7-AC8A-8332D307698C}.Debug|x64.ActiveCfg = Debug|x64
		{99714B4E-D69A-42A7-AC8A-8332D307698C}.Debug|x64.Build.0 = Debug|x64
		{99714B4E-D69A-42A7-AC8A-8332D307698C}.Debug|x86.ActiveCfg = Debug|x86
		{99714B4E-D69A-42A7-AC8A-8332D307698C}.Debug|x86.Build.0 = Debug|x86
		{99714B4E-D69A-42A7-AC8A-8332D307698C}.Release|Any CPU.ActiveCfg = Release|Any CPU
		{99714B4E-D69A-42A7-AC8A-8332D307698C}.Release|Any CPU.Build.0 = Release|Any CPU
		{99714B4E-D69A-42A7-AC8A-8332D307698C}.Release|x64.ActiveCfg = Release|x64
		{99714B4E-D69A-42A7-AC8A-8332D307698C}.Release|x64.Build.0 = Release|x64
		{99714B4E-D69A-42A7-AC8A-8332D307698C}.Release|x86.ActiveCfg = Release|x86
		{99714B4E-D69A-42A7-AC8A-8332D307698C}.Release|x86.Build.0 = Release|x86
		{3DE48347-C31A-4052-A9F5-67B8C1B1EB2F}.Debug|Any CPU.ActiveCfg = Debug|Any CPU
		{3DE48347-C31A-4052-A9F5-67B8C1B1EB2F}.Debug|Any CPU.Build.0 = Debug|Any CPU
		{3DE48347-C31A-4052-A9F5-67B8C1B1EB2F}.Debug|x64.ActiveCfg = Debug|x64
		{3DE48347-C31A-4052-A9F5-67B8C1B1EB2F}.Debug|x64.Build.0 = Debug|x64
		{3DE48347-C31A-4052-A9F5-67B8C1B1EB2F}.Debug|x86.ActiveCfg = Debug|x86
		{3DE48347-C31A-4052-A9F5-67B8C1B1EB2F}.Debug|x86.Build.0 = Debug|x86
		{3DE48347-C31A-4052-A9F5-67B8C1B1EB2F}.Release|Any CPU.ActiveCfg = Release|Any CPU
		{3DE48347-C31A-4052-A9F5-67B8C1B1EB2F}.Release|Any CPU.Build.0 = Release|Any CPU
		{3DE48347-C31A-4052-A9F5-67B8C1B1EB2F}.Release|x64.ActiveCfg = Release|x64
		{3DE48347-C31A-4052-A9F5-67B8C1B1EB2F}.Release|x64.Build.0 = Release|x64
		{3DE48347-C31A-4052-A9F5-67B8C1B1EB2F}.Release|x86.ActiveCfg = Release|x86
		{3DE48347-C31A-4052-A9F5-67B8C1B1EB2F}.Release|x86.Build.0 = Release|x86
		{938C912C-C13A-4A07-B42B-66351615BC5E}.Debug|Any CPU.ActiveCfg = Debug|Any CPU
		{938C912C-C13A-4A07-B42B-66351615BC5E}.Debug|Any CPU.Build.0 = Debug|Any CPU
		{938C912C-C13A-4A07-B42B-66351615BC5E}.Debug|x64.ActiveCfg = Debug|x64
		{938C912C-C13A-4A07-B42B-66351615BC5E}.Debug|x64.Build.0 = Debug|x64
		{938C912C-C13A-4A07-B42B-66351615BC5E}.Debug|x86.ActiveCfg = Debug|x86
		{938C912C-C13A-4A07-B42B-66351615BC5E}.Debug|x86.Build.0 = Debug|x86
		{938C912C-C13A-4A07-B42B-66351615BC5E}.Release|Any CPU.ActiveCfg = Release|Any CPU
		{938C912C-C13A-4A07-B42B-66351615BC5E}.Release|Any CPU.Build.0 = Release|Any CPU
		{938C912C-C13A-4A07-B42B-66351615BC5E}.Release|x64.ActiveCfg = Release|x64
		{938C912C-C13A-4A07-B42B-66351615BC5E}.Release|x64.Build.0 = Release|x64
		{938C912C-C13A-4A07-B42B-66351615BC5E}.Release|x86.ActiveCfg = Release|x86
		{938C912C-C13A-4A07-B42B-66351615BC5E}.Release|x86.Build.0 = Release|x86
		{80B33BDA-65FC-4AEB-9087-B737CF68D14A}.Debug|Any CPU.ActiveCfg = Debug|Any CPU
		{80B33BDA-65FC-4AEB-9087-B737CF68D14A}.Debug|Any CPU.Build.0 = Debug|Any CPU
		{80B33BDA-65FC-4AEB-9087-B737CF68D14A}.Debug|x64.ActiveCfg = Debug|x64
		{80B33BDA-65FC-4AEB-9087-B737CF68D14A}.Debug|x64.Build.0 = Debug|x64
		{80B33BDA-65FC-4AEB-9087-B737CF68D14A}.Debug|x86.ActiveCfg = Debug|x86
		{80B33BDA-65FC-4AEB-9087-B737CF68D14A}.Debug|x86.Build.0 = Debug|x86
		{80B33BDA-65FC-4AEB-9087-B737CF68D14A}.Release|Any CPU.ActiveCfg = Release|Any CPU
		{80B33BDA-65FC-4AEB-9087-B737CF68D14A}.Release|Any CPU.Build.0 = Release|Any CPU
		{80B33BDA-65FC-4AEB-9087-B737CF68D14A}.Release|x64.ActiveCfg = Release|x64
		{80B33BDA-65FC-4AEB-9087-B737CF68D14A}.Release|x64.Build.0 = Release|x64
		{80B33BDA-65FC-4AEB-9087-B737CF68D14A}.Release|x86.ActiveCfg = Release|x86
		{80B33BDA-65FC-4AEB-9087-B737CF68D14A}.Release|x86.Build.0 = Release|x86
		{C60F5AF4-ABA3-44CF-BD9F-EFCFED3C14E7}.Debug|Any CPU.ActiveCfg = Debug|Any CPU
		{C60F5AF4-ABA3-44CF-BD9F-EFCFED3C14E7}.Debug|Any CPU.Build.0 = Debug|Any CPU
		{C60F5AF4-ABA3-44CF-BD9F-EFCFED3C14E7}.Debug|x64.ActiveCfg = Debug|x64
		{C60F5AF4-ABA3-44CF-BD9F-EFCFED3C14E7}.Debug|x64.Build.0 = Debug|x64
		{C60F5AF4-ABA3-44CF-BD9F-EFCFED3C14E7}.Debug|x86.ActiveCfg = Debug|x86
		{C60F5AF4-ABA3-44CF-BD9F-EFCFED3C14E7}.Debug|x86.Build.0 = Debug|x86
		{C60F5AF4-ABA3-44CF-BD9F-EFCFED3C14E7}.Release|Any CPU.ActiveCfg = Release|Any CPU
		{C60F5AF4-ABA3-44CF-BD9F-EFCFED3C14E7}.Release|Any CPU.Build.0 = Release|Any CPU
		{C60F5AF4-ABA3-44CF-BD9F-EFCFED3C14E7}.Release|x64.ActiveCfg = Release|x64
		{C60F5AF4-ABA3-44CF-BD9F-EFCFED3C14E7}.Release|x64.Build.0 = Release|x64
		{C60F5AF4-ABA3-44CF-BD9F-EFCFED3C14E7}.Release|x86.ActiveCfg = Release|x86
		{C60F5AF4-ABA3-44CF-BD9F-EFCFED3C14E7}.Release|x86.Build.0 = Release|x86
		{80F3CE90-94CB-4B90-BF81-24868A10B338}.Debug|Any CPU.ActiveCfg = Debug|Any CPU
		{80F3CE90-94CB-4B90-BF81-24868A10B338}.Debug|Any CPU.Build.0 = Debug|Any CPU
		{80F3CE90-94CB-4B90-BF81-24868A10B338}.Debug|x64.ActiveCfg = Debug|x64
		{80F3CE90-94CB-4B90-BF81-24868A10B338}.Debug|x64.Build.0 = Debug|x64
		{80F3CE90-94CB-4B90-BF81-24868A10B338}.Debug|x86.ActiveCfg = Debug|x86
		{80F3CE90-94CB-4B90-BF81-24868A10B338}.Debug|x86.Build.0 = Debug|x86
		{80F3CE90-94CB-4B90-BF81-24868A10B338}.Release|Any CPU.ActiveCfg = Release|Any CPU
		{80F3CE90-94CB-4B90-BF81-24868A10B338}.Release|Any CPU.Build.0 = Release|Any CPU
		{80F3CE90-94CB-4B90-BF81-24868A10B338}.Release|x64.ActiveCfg = Release|x64
		{80F3CE90-94CB-4B90-BF81-24868A10B338}.Release|x64.Build.0 = Release|x64
		{80F3CE90-94CB-4B90-BF81-24868A10B338}.Release|x86.ActiveCfg = Release|x86
		{80F3CE90-94CB-4B90-BF81-24868A10B338}.Release|x86.Build.0 = Release|x86
		{1898EAF0-DA02-46A8-9A46-69EC86D4E1A0}.Debug|Any CPU.ActiveCfg = Debug|Any CPU
		{1898EAF0-DA02-46A8-9A46-69EC86D4E1A0}.Debug|Any CPU.Build.0 = Debug|Any CPU
		{1898EAF0-DA02-46A8-9A46-69EC86D4E1A0}.Debug|x64.ActiveCfg = Debug|x64
		{1898EAF0-DA02-46A8-9A46-69EC86D4E1A0}.Debug|x64.Build.0 = Debug|x64
		{1898EAF0-DA02-46A8-9A46-69EC86D4E1A0}.Debug|x86.ActiveCfg = Debug|x86
		{1898EAF0-DA02-46A8-9A46-69EC86D4E1A0}.Debug|x86.Build.0 = Debug|x86
		{1898EAF0-DA02-46A8-9A46-69EC86D4E1A0}.Release|Any CPU.ActiveCfg = Release|Any CPU
		{1898EAF0-DA02-46A8-9A46-69EC86D4E1A0}.Release|Any CPU.Build.0 = Release|Any CPU
		{1898EAF0-DA02-46A8-9A46-69EC86D4E1A0}.Release|x64.ActiveCfg = Release|x64
		{1898EAF0-DA02-46A8-9A46-69EC86D4E1A0}.Release|x64.Build.0 = Release|x64
		{1898EAF0-DA02-46A8-9A46-69EC86D4E1A0}.Release|x86.ActiveCfg = Release|x86
		{1898EAF0-DA02-46A8-9A46-69EC86D4E1A0}.Release|x86.Build.0 = Release|x86
		{4FCBC16C-6F1F-49EA-AC95-798E7BFA5A3A}.Debug|Any CPU.ActiveCfg = Debug|Any CPU
		{4FCBC16C-6F1F-49EA-AC95-798E7BFA5A3A}.Debug|Any CPU.Build.0 = Debug|Any CPU
		{4FCBC16C-6F1F-49EA-AC95-798E7BFA5A3A}.Debug|x64.ActiveCfg = Debug|x64
		{4FCBC16C-6F1F-49EA-AC95-798E7BFA5A3A}.Debug|x64.Build.0 = Debug|x64
		{4FCBC16C-6F1F-49EA-AC95-798E7BFA5A3A}.Debug|x86.ActiveCfg = Debug|x86
		{4FCBC16C-6F1F-49EA-AC95-798E7BFA5A3A}.Debug|x86.Build.0 = Debug|x86
		{4FCBC16C-6F1F-49EA-AC95-798E7BFA5A3A}.Release|Any CPU.ActiveCfg = Release|Any CPU
		{4FCBC16C-6F1F-49EA-AC95-798E7BFA5A3A}.Release|Any CPU.Build.0 = Release|Any CPU
		{4FCBC16C-6F1F-49EA-AC95-798E7BFA5A3A}.Release|x64.ActiveCfg = Release|x64
		{4FCBC16C-6F1F-49EA-AC95-798E7BFA5A3A}.Release|x64.Build.0 = Release|x64
		{4FCBC16C-6F1F-49EA-AC95-798E7BFA5A3A}.Release|x86.ActiveCfg = Release|x86
		{4FCBC16C-6F1F-49EA-AC95-798E7BFA5A3A}.Release|x86.Build.0 = Release|x86
		{3441AA68-9F7F-47A7-BC81-D9319A0FB77F}.Debug|Any CPU.ActiveCfg = Debug|Any CPU
		{3441AA68-9F7F-47A7-BC81-D9319A0FB77F}.Debug|Any CPU.Build.0 = Debug|Any CPU
		{3441AA68-9F7F-47A7-BC81-D9319A0FB77F}.Debug|x64.ActiveCfg = Debug|x64
		{3441AA68-9F7F-47A7-BC81-D9319A0FB77F}.Debug|x64.Build.0 = Debug|x64
		{3441AA68-9F7F-47A7-BC81-D9319A0FB77F}.Debug|x86.ActiveCfg = Debug|x86
		{3441AA68-9F7F-47A7-BC81-D9319A0FB77F}.Debug|x86.Build.0 = Debug|x86
		{3441AA68-9F7F-47A7-BC81-D9319A0FB77F}.Release|Any CPU.ActiveCfg = Release|Any CPU
		{3441AA68-9F7F-47A7-BC81-D9319A0FB77F}.Release|Any CPU.Build.0 = Release|Any CPU
		{3441AA68-9F7F-47A7-BC81-D9319A0FB77F}.Release|x64.ActiveCfg = Release|x64
		{3441AA68-9F7F-47A7-BC81-D9319A0FB77F}.Release|x64.Build.0 = Release|x64
		{3441AA68-9F7F-47A7-BC81-D9319A0FB77F}.Release|x86.ActiveCfg = Release|x86
		{3441AA68-9F7F-47A7-BC81-D9319A0FB77F}.Release|x86.Build.0 = Release|x86
	EndGlobalSection
	GlobalSection(SolutionProperties) = preSolution
		HideSolutionNode = FALSE
	EndGlobalSection
	GlobalSection(ExtensibilityGlobals) = postSolution
		SolutionGuid = {147B9CF4-6C80-4E65-A099-AD876D3E473C}
	EndGlobalSection
	GlobalSection(NestedProjects) = preSolution
		{20EF4585-3F74-49FE-A13B-E2704E8F8A2A} = {0195AD88-4FB1-4F8E-B6E9-F310B0EF42FC}
		{2E3F71F9-0249-4AEB-8674-FDBDDC962A94} = {0195AD88-4FB1-4F8E-B6E9-F310B0EF42FC}
		{FB046338-7A92-4219-9D0E-A2315221C8B6} = {0195AD88-4FB1-4F8E-B6E9-F310B0EF42FC}
		{87AD6422-745B-4BDE-AA74-0E2481427023} = {0195AD88-4FB1-4F8E-B6E9-F310B0EF42FC}
		{E25A7CED-4476-488A-9B71-4C09FA48E7E7} = {0195AD88-4FB1-4F8E-B6E9-F310B0EF42FC}
		{ECB1EBC3-7BAD-4187-8D11-1826695F8988} = {0195AD88-4FB1-4F8E-B6E9-F310B0EF42FC}
		{99714B4E-D69A-42A7-AC8A-8332D307698C} = {0195AD88-4FB1-4F8E-B6E9-F310B0EF42FC}
		{2BA8A6B5-1C44-43CB-B194-12C364BA0500} = {0195AD88-4FB1-4F8E-B6E9-F310B0EF42FC}
		{3DE48347-C31A-4052-A9F5-67B8C1B1EB2F} = {2BA8A6B5-1C44-43CB-B194-12C364BA0500}
		{938C912C-C13A-4A07-B42B-66351615BC5E} = {2BA8A6B5-1C44-43CB-B194-12C364BA0500}
		{80B33BDA-65FC-4AEB-9087-B737CF68D14A} = {2BA8A6B5-1C44-43CB-B194-12C364BA0500}
		{C60F5AF4-ABA3-44CF-BD9F-EFCFED3C14E7} = {2BA8A6B5-1C44-43CB-B194-12C364BA0500}
		{49D07E3C-BA63-4E9A-B4DC-8A4E41E57275} = {0195AD88-4FB1-4F8E-B6E9-F310B0EF42FC}
		{80F3CE90-94CB-4B90-BF81-24868A10B338} = {49D07E3C-BA63-4E9A-B4DC-8A4E41E57275}
		{1898EAF0-DA02-46A8-9A46-69EC86D4E1A0} = {49D07E3C-BA63-4E9A-B4DC-8A4E41E57275}
		{4FCBC16C-6F1F-49EA-AC95-798E7BFA5A3A} = {2BA8A6B5-1C44-43CB-B194-12C364BA0500}
		{3441AA68-9F7F-47A7-BC81-D9319A0FB77F} = {49D07E3C-BA63-4E9A-B4DC-8A4E41E57275}
	EndGlobalSection
EndGlobal
